// !$*UTF8*$!
{
	archiveVersion = 1;
	classes = {
	};
	objectVersion = 46;
	objects = {

/* Begin PBXBuildFile section */
		434E540015147DE80B6EBA5F /* Pods_FIFAStatsUITests.framework in Frameworks */ = {isa = PBXBuildFile; fileRef = 2311851DE97FC624C9252512 /* Pods_FIFAStatsUITests.framework */; };
		6366348A1FC6B2EF00E149B3 /* Match.swift in Sources */ = {isa = PBXBuildFile; fileRef = 636634891FC6B2EF00E149B3 /* Match.swift */; };
		6366348D1FC6B67C00E149B3 /* User.swift in Sources */ = {isa = PBXBuildFile; fileRef = 6366348C1FC6B67C00E149B3 /* User.swift */; };
		6366348F1FC6B73A00E149B3 /* NewGameViewController.swift in Sources */ = {isa = PBXBuildFile; fileRef = 6366348E1FC6B73A00E149B3 /* NewGameViewController.swift */; };
		63DE4BB51FCA677E007F0EC2 /* GoogleService-Info.plist in Resources */ = {isa = PBXBuildFile; fileRef = 63DE4BB41FCA677E007F0EC2 /* GoogleService-Info.plist */; };
		63DE4BB61FCA677E007F0EC2 /* GoogleService-Info.plist in Resources */ = {isa = PBXBuildFile; fileRef = 63DE4BB41FCA677E007F0EC2 /* GoogleService-Info.plist */; };
		63DE4BB71FCA677E007F0EC2 /* GoogleService-Info.plist in Resources */ = {isa = PBXBuildFile; fileRef = 63DE4BB41FCA677E007F0EC2 /* GoogleService-Info.plist */; };
		63DE4BBA1FCA69F9007F0EC2 /* LoginViewController.swift in Sources */ = {isa = PBXBuildFile; fileRef = 63DE4BB91FCA69F9007F0EC2 /* LoginViewController.swift */; };
		63DE4BBC1FCA6A15007F0EC2 /* SignupViewController.swift in Sources */ = {isa = PBXBuildFile; fileRef = 63DE4BBB1FCA6A15007F0EC2 /* SignupViewController.swift */; };
		63DE4BBE1FCA6A28007F0EC2 /* ResetPasswordViewController.swift in Sources */ = {isa = PBXBuildFile; fileRef = 63DE4BBD1FCA6A28007F0EC2 /* ResetPasswordViewController.swift */; };
		63EAD38B1FBCDE8C00C3D4FC /* AppDelegate.swift in Sources */ = {isa = PBXBuildFile; fileRef = 63EAD38A1FBCDE8C00C3D4FC /* AppDelegate.swift */; };
		63EAD38D1FBCDE8C00C3D4FC /* ViewController.swift in Sources */ = {isa = PBXBuildFile; fileRef = 63EAD38C1FBCDE8C00C3D4FC /* ViewController.swift */; };
		63EAD3901FBCDE8C00C3D4FC /* Main.storyboard in Resources */ = {isa = PBXBuildFile; fileRef = 63EAD38E1FBCDE8C00C3D4FC /* Main.storyboard */; };
		63EAD3921FBCDE8C00C3D4FC /* Assets.xcassets in Resources */ = {isa = PBXBuildFile; fileRef = 63EAD3911FBCDE8C00C3D4FC /* Assets.xcassets */; };
		63EAD3951FBCDE8C00C3D4FC /* LaunchScreen.storyboard in Resources */ = {isa = PBXBuildFile; fileRef = 63EAD3931FBCDE8C00C3D4FC /* LaunchScreen.storyboard */; };
		63EAD3A01FBCDE8C00C3D4FC /* FIFAStatsTests.swift in Sources */ = {isa = PBXBuildFile; fileRef = 63EAD39F1FBCDE8C00C3D4FC /* FIFAStatsTests.swift */; };
		63EAD3AB1FBCDE8C00C3D4FC /* FIFAStatsUITests.swift in Sources */ = {isa = PBXBuildFile; fileRef = 63EAD3AA1FBCDE8C00C3D4FC /* FIFAStatsUITests.swift */; };
		6D4D05206E89F6F0375960B3 /* Pods_FIFAStatsTests.framework in Frameworks */ = {isa = PBXBuildFile; fileRef = 5F727471E04B02CB093274AD /* Pods_FIFAStatsTests.framework */; };
		8ECD9219EFF4EDDD6A73FC60 /* Pods_FIFAStats.framework in Frameworks */ = {isa = PBXBuildFile; fileRef = 3213D2944E58BD2385551E6E /* Pods_FIFAStats.framework */; };
/* End PBXBuildFile section */

/* Begin PBXContainerItemProxy section */
		63EAD39C1FBCDE8C00C3D4FC /* PBXContainerItemProxy */ = {
			isa = PBXContainerItemProxy;
			containerPortal = 63EAD37F1FBCDE8C00C3D4FC /* Project object */;
			proxyType = 1;
			remoteGlobalIDString = 63EAD3861FBCDE8C00C3D4FC;
			remoteInfo = FIFAStats;
		};
		63EAD3A71FBCDE8C00C3D4FC /* PBXContainerItemProxy */ = {
			isa = PBXContainerItemProxy;
			containerPortal = 63EAD37F1FBCDE8C00C3D4FC /* Project object */;
			proxyType = 1;
			remoteGlobalIDString = 63EAD3861FBCDE8C00C3D4FC;
			remoteInfo = FIFAStats;
		};
/* End PBXContainerItemProxy section */

/* Begin PBXFileReference section */
		2311851DE97FC624C9252512 /* Pods_FIFAStatsUITests.framework */ = {isa = PBXFileReference; explicitFileType = wrapper.framework; includeInIndex = 0; path = Pods_FIFAStatsUITests.framework; sourceTree = BUILT_PRODUCTS_DIR; };
		3213D2944E58BD2385551E6E /* Pods_FIFAStats.framework */ = {isa = PBXFileReference; explicitFileType = wrapper.framework; includeInIndex = 0; path = Pods_FIFAStats.framework; sourceTree = BUILT_PRODUCTS_DIR; };
		531FA65A17D9B26237042207 /* Pods-FIFAStats.debug.xcconfig */ = {isa = PBXFileReference; includeInIndex = 1; lastKnownFileType = text.xcconfig; name = "Pods-FIFAStats.debug.xcconfig"; path = "Pods/Target Support Files/Pods-FIFAStats/Pods-FIFAStats.debug.xcconfig"; sourceTree = "<group>"; };
		5F727471E04B02CB093274AD /* Pods_FIFAStatsTests.framework */ = {isa = PBXFileReference; explicitFileType = wrapper.framework; includeInIndex = 0; path = Pods_FIFAStatsTests.framework; sourceTree = BUILT_PRODUCTS_DIR; };
		636634891FC6B2EF00E149B3 /* Match.swift */ = {isa = PBXFileReference; fileEncoding = 4; lastKnownFileType = sourcecode.swift; path = Match.swift; sourceTree = "<group>"; };
		6366348C1FC6B67C00E149B3 /* User.swift */ = {isa = PBXFileReference; fileEncoding = 4; lastKnownFileType = sourcecode.swift; path = User.swift; sourceTree = "<group>"; };
		6366348E1FC6B73A00E149B3 /* NewGameViewController.swift */ = {isa = PBXFileReference; fileEncoding = 4; lastKnownFileType = sourcecode.swift; path = NewGameViewController.swift; sourceTree = "<group>"; };
		63DE4BB41FCA677E007F0EC2 /* GoogleService-Info.plist */ = {isa = PBXFileReference; fileEncoding = 4; lastKnownFileType = text.plist.xml; name = "GoogleService-Info.plist"; path = "../../../../../Downloads/GoogleService-Info.plist"; sourceTree = "<group>"; };
		63DE4BB91FCA69F9007F0EC2 /* LoginViewController.swift */ = {isa = PBXFileReference; fileEncoding = 4; lastKnownFileType = sourcecode.swift; path = LoginViewController.swift; sourceTree = "<group>"; };
		63DE4BBB1FCA6A15007F0EC2 /* SignupViewController.swift */ = {isa = PBXFileReference; fileEncoding = 4; lastKnownFileType = sourcecode.swift; path = SignupViewController.swift; sourceTree = "<group>"; };
		63DE4BBD1FCA6A28007F0EC2 /* ResetPasswordViewController.swift */ = {isa = PBXFileReference; fileEncoding = 4; lastKnownFileType = sourcecode.swift; path = ResetPasswordViewController.swift; sourceTree = "<group>"; };
		63EAD3871FBCDE8C00C3D4FC /* FIFAStats.app */ = {isa = PBXFileReference; explicitFileType = wrapper.application; includeInIndex = 0; path = FIFAStats.app; sourceTree = BUILT_PRODUCTS_DIR; };
		63EAD38A1FBCDE8C00C3D4FC /* AppDelegate.swift */ = {isa = PBXFileReference; lastKnownFileType = sourcecode.swift; path = AppDelegate.swift; sourceTree = "<group>"; };
		63EAD38C1FBCDE8C00C3D4FC /* ViewController.swift */ = {isa = PBXFileReference; lastKnownFileType = sourcecode.swift; path = ViewController.swift; sourceTree = "<group>"; };
		63EAD38F1FBCDE8C00C3D4FC /* Base */ = {isa = PBXFileReference; lastKnownFileType = file.storyboard; name = Base; path = Base.lproj/Main.storyboard; sourceTree = "<group>"; };
		63EAD3911FBCDE8C00C3D4FC /* Assets.xcassets */ = {isa = PBXFileReference; lastKnownFileType = folder.assetcatalog; path = Assets.xcassets; sourceTree = "<group>"; };
		63EAD3941FBCDE8C00C3D4FC /* Base */ = {isa = PBXFileReference; lastKnownFileType = file.storyboard; name = Base; path = Base.lproj/LaunchScreen.storyboard; sourceTree = "<group>"; };
		63EAD3961FBCDE8C00C3D4FC /* Info.plist */ = {isa = PBXFileReference; lastKnownFileType = text.plist.xml; path = Info.plist; sourceTree = "<group>"; };
		63EAD39B1FBCDE8C00C3D4FC /* FIFAStatsTests.xctest */ = {isa = PBXFileReference; explicitFileType = wrapper.cfbundle; includeInIndex = 0; path = FIFAStatsTests.xctest; sourceTree = BUILT_PRODUCTS_DIR; };
		63EAD39F1FBCDE8C00C3D4FC /* FIFAStatsTests.swift */ = {isa = PBXFileReference; lastKnownFileType = sourcecode.swift; path = FIFAStatsTests.swift; sourceTree = "<group>"; };
		63EAD3A11FBCDE8C00C3D4FC /* Info.plist */ = {isa = PBXFileReference; lastKnownFileType = text.plist.xml; path = Info.plist; sourceTree = "<group>"; };
		63EAD3A61FBCDE8C00C3D4FC /* FIFAStatsUITests.xctest */ = {isa = PBXFileReference; explicitFileType = wrapper.cfbundle; includeInIndex = 0; path = FIFAStatsUITests.xctest; sourceTree = BUILT_PRODUCTS_DIR; };
		63EAD3AA1FBCDE8C00C3D4FC /* FIFAStatsUITests.swift */ = {isa = PBXFileReference; lastKnownFileType = sourcecode.swift; path = FIFAStatsUITests.swift; sourceTree = "<group>"; };
		63EAD3AC1FBCDE8C00C3D4FC /* Info.plist */ = {isa = PBXFileReference; lastKnownFileType = text.plist.xml; path = Info.plist; sourceTree = "<group>"; };
		A1D7EA7CE929BF3440375124 /* Pods-FIFAStatsTests.debug.xcconfig */ = {isa = PBXFileReference; includeInIndex = 1; lastKnownFileType = text.xcconfig; name = "Pods-FIFAStatsTests.debug.xcconfig"; path = "Pods/Target Support Files/Pods-FIFAStatsTests/Pods-FIFAStatsTests.debug.xcconfig"; sourceTree = "<group>"; };
		D17360BFCD0C5B322C26C082 /* Pods-FIFAStatsUITests.release.xcconfig */ = {isa = PBXFileReference; includeInIndex = 1; lastKnownFileType = text.xcconfig; name = "Pods-FIFAStatsUITests.release.xcconfig"; path = "Pods/Target Support Files/Pods-FIFAStatsUITests/Pods-FIFAStatsUITests.release.xcconfig"; sourceTree = "<group>"; };
		E88E42CC238ABC59DD07E361 /* Pods-FIFAStatsUITests.debug.xcconfig */ = {isa = PBXFileReference; includeInIndex = 1; lastKnownFileType = text.xcconfig; name = "Pods-FIFAStatsUITests.debug.xcconfig"; path = "Pods/Target Support Files/Pods-FIFAStatsUITests/Pods-FIFAStatsUITests.debug.xcconfig"; sourceTree = "<group>"; };
		F57395122521F345A2698676 /* Pods-FIFAStatsTests.release.xcconfig */ = {isa = PBXFileReference; includeInIndex = 1; lastKnownFileType = text.xcconfig; name = "Pods-FIFAStatsTests.release.xcconfig"; path = "Pods/Target Support Files/Pods-FIFAStatsTests/Pods-FIFAStatsTests.release.xcconfig"; sourceTree = "<group>"; };
		FFA62944E0670001B640BD71 /* Pods-FIFAStats.release.xcconfig */ = {isa = PBXFileReference; includeInIndex = 1; lastKnownFileType = text.xcconfig; name = "Pods-FIFAStats.release.xcconfig"; path = "Pods/Target Support Files/Pods-FIFAStats/Pods-FIFAStats.release.xcconfig"; sourceTree = "<group>"; };
/* End PBXFileReference section */

/* Begin PBXFrameworksBuildPhase section */
		63EAD3841FBCDE8C00C3D4FC /* Frameworks */ = {
			isa = PBXFrameworksBuildPhase;
			buildActionMask = 2147483647;
			files = (
				8ECD9219EFF4EDDD6A73FC60 /* Pods_FIFAStats.framework in Frameworks */,
			);
			runOnlyForDeploymentPostprocessing = 0;
		};
		63EAD3981FBCDE8C00C3D4FC /* Frameworks */ = {
			isa = PBXFrameworksBuildPhase;
			buildActionMask = 2147483647;
			files = (
				6D4D05206E89F6F0375960B3 /* Pods_FIFAStatsTests.framework in Frameworks */,
			);
			runOnlyForDeploymentPostprocessing = 0;
		};
		63EAD3A31FBCDE8C00C3D4FC /* Frameworks */ = {
			isa = PBXFrameworksBuildPhase;
			buildActionMask = 2147483647;
			files = (
				434E540015147DE80B6EBA5F /* Pods_FIFAStatsUITests.framework in Frameworks */,
			);
			runOnlyForDeploymentPostprocessing = 0;
		};
/* End PBXFrameworksBuildPhase section */

/* Begin PBXGroup section */
		6366348B1FC6B66E00E149B3 /* Models */ = {
			isa = PBXGroup;
			children = (
				636634891FC6B2EF00E149B3 /* Match.swift */,
				6366348C1FC6B67C00E149B3 /* User.swift */,
			);
			name = Models;
			sourceTree = "<group>";
		};
		63DE4BB81FCA69D9007F0EC2 /* Views */ = {
			isa = PBXGroup;
			children = (
				63DE4BB91FCA69F9007F0EC2 /* LoginViewController.swift */,
				63DE4BBB1FCA6A15007F0EC2 /* SignupViewController.swift */,
				63DE4BBD1FCA6A28007F0EC2 /* ResetPasswordViewController.swift */,
				6366348E1FC6B73A00E149B3 /* NewGameViewController.swift */,
			);
			name = Views;
			sourceTree = "<group>";
		};
		63EAD37E1FBCDE8C00C3D4FC = {
			isa = PBXGroup;
			children = (
				63EAD3891FBCDE8C00C3D4FC /* FIFAStats */,
				63EAD39E1FBCDE8C00C3D4FC /* FIFAStatsTests */,
				63EAD3A91FBCDE8C00C3D4FC /* FIFAStatsUITests */,
				63EAD3881FBCDE8C00C3D4FC /* Products */,
				837CBA2467A28B31BE24EE22 /* Pods */,
				EA8454EEC39EBA222F0D1298 /* Frameworks */,
			);
			sourceTree = "<group>";
		};
		63EAD3881FBCDE8C00C3D4FC /* Products */ = {
			isa = PBXGroup;
			children = (
				63EAD3871FBCDE8C00C3D4FC /* FIFAStats.app */,
				63EAD39B1FBCDE8C00C3D4FC /* FIFAStatsTests.xctest */,
				63EAD3A61FBCDE8C00C3D4FC /* FIFAStatsUITests.xctest */,
			);
			name = Products;
			sourceTree = "<group>";
		};
		63EAD3891FBCDE8C00C3D4FC /* FIFAStats */ = {
			isa = PBXGroup;
			children = (
				63DE4BB81FCA69D9007F0EC2 /* Views */,
				6366348B1FC6B66E00E149B3 /* Models */,
				63EAD38A1FBCDE8C00C3D4FC /* AppDelegate.swift */,
				63EAD38C1FBCDE8C00C3D4FC /* ViewController.swift */,
				63EAD38E1FBCDE8C00C3D4FC /* Main.storyboard */,
				63EAD3911FBCDE8C00C3D4FC /* Assets.xcassets */,
				63EAD3931FBCDE8C00C3D4FC /* LaunchScreen.storyboard */,
				63EAD3961FBCDE8C00C3D4FC /* Info.plist */,
				63DE4BB41FCA677E007F0EC2 /* GoogleService-Info.plist */,
			);
			path = FIFAStats;
			sourceTree = "<group>";
		};
		63EAD39E1FBCDE8C00C3D4FC /* FIFAStatsTests */ = {
			isa = PBXGroup;
			children = (
				63EAD39F1FBCDE8C00C3D4FC /* FIFAStatsTests.swift */,
				63EAD3A11FBCDE8C00C3D4FC /* Info.plist */,
			);
			path = FIFAStatsTests;
			sourceTree = "<group>";
		};
		63EAD3A91FBCDE8C00C3D4FC /* FIFAStatsUITests */ = {
			isa = PBXGroup;
			children = (
				63EAD3AA1FBCDE8C00C3D4FC /* FIFAStatsUITests.swift */,
				63EAD3AC1FBCDE8C00C3D4FC /* Info.plist */,
			);
			path = FIFAStatsUITests;
			sourceTree = "<group>";
		};
		837CBA2467A28B31BE24EE22 /* Pods */ = {
			isa = PBXGroup;
			children = (
				531FA65A17D9B26237042207 /* Pods-FIFAStats.debug.xcconfig */,
				FFA62944E0670001B640BD71 /* Pods-FIFAStats.release.xcconfig */,
				A1D7EA7CE929BF3440375124 /* Pods-FIFAStatsTests.debug.xcconfig */,
				F57395122521F345A2698676 /* Pods-FIFAStatsTests.release.xcconfig */,
				E88E42CC238ABC59DD07E361 /* Pods-FIFAStatsUITests.debug.xcconfig */,
				D17360BFCD0C5B322C26C082 /* Pods-FIFAStatsUITests.release.xcconfig */,
			);
			name = Pods;
			sourceTree = "<group>";
		};
		EA8454EEC39EBA222F0D1298 /* Frameworks */ = {
			isa = PBXGroup;
			children = (
				3213D2944E58BD2385551E6E /* Pods_FIFAStats.framework */,
				5F727471E04B02CB093274AD /* Pods_FIFAStatsTests.framework */,
				2311851DE97FC624C9252512 /* Pods_FIFAStatsUITests.framework */,
			);
			name = Frameworks;
			sourceTree = "<group>";
		};
/* End PBXGroup section */

/* Begin PBXNativeTarget section */
		63EAD3861FBCDE8C00C3D4FC /* FIFAStats */ = {
			isa = PBXNativeTarget;
			buildConfigurationList = 63EAD3AF1FBCDE8C00C3D4FC /* Build configuration list for PBXNativeTarget "FIFAStats" */;
			buildPhases = (
				4F6DB41DF84B3FFD828C10C3 /* [CP] Check Pods Manifest.lock */,
				63EAD3831FBCDE8C00C3D4FC /* Sources */,
				63EAD3841FBCDE8C00C3D4FC /* Frameworks */,
				63EAD3851FBCDE8C00C3D4FC /* Resources */,
				1BF2505F2D31AE0F1981D22E /* [CP] Embed Pods Frameworks */,
				E6B6FCA0C68D9C49E14D1D4B /* [CP] Copy Pods Resources */,
			);
			buildRules = (
			);
			dependencies = (
			);
			name = FIFAStats;
			productName = FIFAStats;
			productReference = 63EAD3871FBCDE8C00C3D4FC /* FIFAStats.app */;
			productType = "com.apple.product-type.application";
		};
		63EAD39A1FBCDE8C00C3D4FC /* FIFAStatsTests */ = {
			isa = PBXNativeTarget;
			buildConfigurationList = 63EAD3B21FBCDE8C00C3D4FC /* Build configuration list for PBXNativeTarget "FIFAStatsTests" */;
			buildPhases = (
				56C6BD96C4B51AAA82D55E01 /* [CP] Check Pods Manifest.lock */,
				63EAD3971FBCDE8C00C3D4FC /* Sources */,
				63EAD3981FBCDE8C00C3D4FC /* Frameworks */,
				63EAD3991FBCDE8C00C3D4FC /* Resources */,
				C31836A424974B2DBAB9C083 /* [CP] Embed Pods Frameworks */,
				2CD5367FDF1DE9E01083B310 /* [CP] Copy Pods Resources */,
			);
			buildRules = (
			);
			dependencies = (
				63EAD39D1FBCDE8C00C3D4FC /* PBXTargetDependency */,
			);
			name = FIFAStatsTests;
			productName = FIFAStatsTests;
			productReference = 63EAD39B1FBCDE8C00C3D4FC /* FIFAStatsTests.xctest */;
			productType = "com.apple.product-type.bundle.unit-test";
		};
		63EAD3A51FBCDE8C00C3D4FC /* FIFAStatsUITests */ = {
			isa = PBXNativeTarget;
			buildConfigurationList = 63EAD3B51FBCDE8C00C3D4FC /* Build configuration list for PBXNativeTarget "FIFAStatsUITests" */;
			buildPhases = (
				0C69297D28E3F6F769B8AC2B /* [CP] Check Pods Manifest.lock */,
				63EAD3A21FBCDE8C00C3D4FC /* Sources */,
				63EAD3A31FBCDE8C00C3D4FC /* Frameworks */,
				63EAD3A41FBCDE8C00C3D4FC /* Resources */,
				5465CEAB87F6A9D1B947D541 /* [CP] Embed Pods Frameworks */,
				29913D7BAD2127ABD42EA43A /* [CP] Copy Pods Resources */,
			);
			buildRules = (
			);
			dependencies = (
				63EAD3A81FBCDE8C00C3D4FC /* PBXTargetDependency */,
			);
			name = FIFAStatsUITests;
			productName = FIFAStatsUITests;
			productReference = 63EAD3A61FBCDE8C00C3D4FC /* FIFAStatsUITests.xctest */;
			productType = "com.apple.product-type.bundle.ui-testing";
		};
/* End PBXNativeTarget section */

/* Begin PBXProject section */
		63EAD37F1FBCDE8C00C3D4FC /* Project object */ = {
			isa = PBXProject;
			attributes = {
				LastSwiftUpdateCheck = 0830;
				LastUpgradeCheck = 0830;
				ORGANIZATIONNAME = "David Melvin";
				TargetAttributes = {
					63EAD3861FBCDE8C00C3D4FC = {
						CreatedOnToolsVersion = 8.3;
						ProvisioningStyle = Automatic;
					};
					63EAD39A1FBCDE8C00C3D4FC = {
						CreatedOnToolsVersion = 8.3;
						ProvisioningStyle = Automatic;
						TestTargetID = 63EAD3861FBCDE8C00C3D4FC;
					};
					63EAD3A51FBCDE8C00C3D4FC = {
						CreatedOnToolsVersion = 8.3;
						ProvisioningStyle = Automatic;
						TestTargetID = 63EAD3861FBCDE8C00C3D4FC;
					};
				};
			};
			buildConfigurationList = 63EAD3821FBCDE8C00C3D4FC /* Build configuration list for PBXProject "FIFAStats" */;
			compatibilityVersion = "Xcode 3.2";
			developmentRegion = English;
			hasScannedForEncodings = 0;
			knownRegions = (
				en,
				Base,
			);
			mainGroup = 63EAD37E1FBCDE8C00C3D4FC;
			productRefGroup = 63EAD3881FBCDE8C00C3D4FC /* Products */;
			projectDirPath = "";
			projectRoot = "";
			targets = (
				63EAD3861FBCDE8C00C3D4FC /* FIFAStats */,
				63EAD39A1FBCDE8C00C3D4FC /* FIFAStatsTests */,
				63EAD3A51FBCDE8C00C3D4FC /* FIFAStatsUITests */,
			);
		};
/* End PBXProject section */

/* Begin PBXResourcesBuildPhase section */
		63EAD3851FBCDE8C00C3D4FC /* Resources */ = {
			isa = PBXResourcesBuildPhase;
			buildActionMask = 2147483647;
			files = (
				63EAD3951FBCDE8C00C3D4FC /* LaunchScreen.storyboard in Resources */,
				63DE4BB51FCA677E007F0EC2 /* GoogleService-Info.plist in Resources */,
				63EAD3921FBCDE8C00C3D4FC /* Assets.xcassets in Resources */,
				63EAD3901FBCDE8C00C3D4FC /* Main.storyboard in Resources */,
			);
			runOnlyForDeploymentPostprocessing = 0;
		};
		63EAD3991FBCDE8C00C3D4FC /* Resources */ = {
			isa = PBXResourcesBuildPhase;
			buildActionMask = 2147483647;
			files = (
				63DE4BB61FCA677E007F0EC2 /* GoogleService-Info.plist in Resources */,
			);
			runOnlyForDeploymentPostprocessing = 0;
		};
		63EAD3A41FBCDE8C00C3D4FC /* Resources */ = {
			isa = PBXResourcesBuildPhase;
			buildActionMask = 2147483647;
			files = (
				63DE4BB71FCA677E007F0EC2 /* GoogleService-Info.plist in Resources */,
			);
			runOnlyForDeploymentPostprocessing = 0;
		};
/* End PBXResourcesBuildPhase section */

/* Begin PBXShellScriptBuildPhase section */
		0C69297D28E3F6F769B8AC2B /* [CP] Check Pods Manifest.lock */ = {
			isa = PBXShellScriptBuildPhase;
			buildActionMask = 2147483647;
			files = (
			);
			inputPaths = (
				"${PODS_PODFILE_DIR_PATH}/Podfile.lock",
				"${PODS_ROOT}/Manifest.lock",
			);
			name = "[CP] Check Pods Manifest.lock";
			outputPaths = (
				"$(DERIVED_FILE_DIR)/Pods-FIFAStatsUITests-checkManifestLockResult.txt",
			);
			runOnlyForDeploymentPostprocessing = 0;
			shellPath = /bin/sh;
			shellScript = "diff \"${PODS_PODFILE_DIR_PATH}/Podfile.lock\" \"${PODS_ROOT}/Manifest.lock\" > /dev/null\nif [ $? != 0 ] ; then\n    # print error to STDERR\n    echo \"error: The sandbox is not in sync with the Podfile.lock. Run 'pod install' or update your CocoaPods installation.\" >&2\n    exit 1\nfi\n# This output is used by Xcode 'outputs' to avoid re-running this script phase.\necho \"SUCCESS\" > \"${SCRIPT_OUTPUT_FILE_0}\"\n";
			showEnvVarsInLog = 0;
		};
		1BF2505F2D31AE0F1981D22E /* [CP] Embed Pods Frameworks */ = {
			isa = PBXShellScriptBuildPhase;
			buildActionMask = 2147483647;
			files = (
			);
			inputPaths = (
				"${SRCROOT}/Pods/Target Support Files/Pods-FIFAStats/Pods-FIFAStats-frameworks.sh",
				"${BUILT_PRODUCTS_DIR}/GTMSessionFetcher/GTMSessionFetcher.framework",
				"${BUILT_PRODUCTS_DIR}/GoogleToolboxForMac/GoogleToolboxForMac.framework",
				"${BUILT_PRODUCTS_DIR}/nanopb/nanopb.framework",
			);
			name = "[CP] Embed Pods Frameworks";
			outputPaths = (
				"${TARGET_BUILD_DIR}/${FRAMEWORKS_FOLDER_PATH}/GTMSessionFetcher.framework",
				"${TARGET_BUILD_DIR}/${FRAMEWORKS_FOLDER_PATH}/GoogleToolboxForMac.framework",
				"${TARGET_BUILD_DIR}/${FRAMEWORKS_FOLDER_PATH}/nanopb.framework",
			);
			runOnlyForDeploymentPostprocessing = 0;
			shellPath = /bin/sh;
			shellScript = "\"${SRCROOT}/Pods/Target Support Files/Pods-FIFAStats/Pods-FIFAStats-frameworks.sh\"\n";
			showEnvVarsInLog = 0;
		};
		29913D7BAD2127ABD42EA43A /* [CP] Copy Pods Resources */ = {
			isa = PBXShellScriptBuildPhase;
			buildActionMask = 2147483647;
			files = (
			);
			inputPaths = (
			);
			name = "[CP] Copy Pods Resources";
			outputPaths = (
			);
			runOnlyForDeploymentPostprocessing = 0;
			shellPath = /bin/sh;
			shellScript = "\"${SRCROOT}/Pods/Target Support Files/Pods-FIFAStatsUITests/Pods-FIFAStatsUITests-resources.sh\"\n";
			showEnvVarsInLog = 0;
		};
		2CD5367FDF1DE9E01083B310 /* [CP] Copy Pods Resources */ = {
			isa = PBXShellScriptBuildPhase;
			buildActionMask = 2147483647;
			files = (
			);
			inputPaths = (
			);
			name = "[CP] Copy Pods Resources";
			outputPaths = (
			);
			runOnlyForDeploymentPostprocessing = 0;
			shellPath = /bin/sh;
			shellScript = "\"${SRCROOT}/Pods/Target Support Files/Pods-FIFAStatsTests/Pods-FIFAStatsTests-resources.sh\"\n";
			showEnvVarsInLog = 0;
		};
		4F6DB41DF84B3FFD828C10C3 /* [CP] Check Pods Manifest.lock */ = {
			isa = PBXShellScriptBuildPhase;
			buildActionMask = 2147483647;
			files = (
			);
			inputPaths = (
				"${PODS_PODFILE_DIR_PATH}/Podfile.lock",
				"${PODS_ROOT}/Manifest.lock",
			);
			name = "[CP] Check Pods Manifest.lock";
			outputPaths = (
				"$(DERIVED_FILE_DIR)/Pods-FIFAStats-checkManifestLockResult.txt",
			);
			runOnlyForDeploymentPostprocessing = 0;
			shellPath = /bin/sh;
			shellScript = "diff \"${PODS_PODFILE_DIR_PATH}/Podfile.lock\" \"${PODS_ROOT}/Manifest.lock\" > /dev/null\nif [ $? != 0 ] ; then\n    # print error to STDERR\n    echo \"error: The sandbox is not in sync with the Podfile.lock. Run 'pod install' or update your CocoaPods installation.\" >&2\n    exit 1\nfi\n# This output is used by Xcode 'outputs' to avoid re-running this script phase.\necho \"SUCCESS\" > \"${SCRIPT_OUTPUT_FILE_0}\"\n";
			showEnvVarsInLog = 0;
		};
		5465CEAB87F6A9D1B947D541 /* [CP] Embed Pods Frameworks */ = {
			isa = PBXShellScriptBuildPhase;
			buildActionMask = 2147483647;
			files = (
			);
			inputPaths = (
			);
			name = "[CP] Embed Pods Frameworks";
			outputPaths = (
			);
			runOnlyForDeploymentPostprocessing = 0;
			shellPath = /bin/sh;
			shellScript = "\"${SRCROOT}/Pods/Target Support Files/Pods-FIFAStatsUITests/Pods-FIFAStatsUITests-frameworks.sh\"\n";
			showEnvVarsInLog = 0;
		};
		56C6BD96C4B51AAA82D55E01 /* [CP] Check Pods Manifest.lock */ = {
			isa = PBXShellScriptBuildPhase;
			buildActionMask = 2147483647;
			files = (
			);
			inputPaths = (
				"${PODS_PODFILE_DIR_PATH}/Podfile.lock",
				"${PODS_ROOT}/Manifest.lock",
			);
			name = "[CP] Check Pods Manifest.lock";
			outputPaths = (
				"$(DERIVED_FILE_DIR)/Pods-FIFAStatsTests-checkManifestLockResult.txt",
			);
			runOnlyForDeploymentPostprocessing = 0;
			shellPath = /bin/sh;
			shellScript = "diff \"${PODS_PODFILE_DIR_PATH}/Podfile.lock\" \"${PODS_ROOT}/Manifest.lock\" > /dev/null\nif [ $? != 0 ] ; then\n    # print error to STDERR\n    echo \"error: The sandbox is not in sync with the Podfile.lock. Run 'pod install' or update your CocoaPods installation.\" >&2\n    exit 1\nfi\n# This output is used by Xcode 'outputs' to avoid re-running this script phase.\necho \"SUCCESS\" > \"${SCRIPT_OUTPUT_FILE_0}\"\n";
			showEnvVarsInLog = 0;
		};
		C31836A424974B2DBAB9C083 /* [CP] Embed Pods Frameworks */ = {
			isa = PBXShellScriptBuildPhase;
			buildActionMask = 2147483647;
			files = (
			);
			inputPaths = (
			);
			name = "[CP] Embed Pods Frameworks";
			outputPaths = (
			);
			runOnlyForDeploymentPostprocessing = 0;
			shellPath = /bin/sh;
			shellScript = "\"${SRCROOT}/Pods/Target Support Files/Pods-FIFAStatsTests/Pods-FIFAStatsTests-frameworks.sh\"\n";
			showEnvVarsInLog = 0;
		};
		E6B6FCA0C68D9C49E14D1D4B /* [CP] Copy Pods Resources */ = {
			isa = PBXShellScriptBuildPhase;
			buildActionMask = 2147483647;
			files = (
			);
			inputPaths = (
			);
			name = "[CP] Copy Pods Resources";
			outputPaths = (
			);
			runOnlyForDeploymentPostprocessing = 0;
			shellPath = /bin/sh;
			shellScript = "\"${SRCROOT}/Pods/Target Support Files/Pods-FIFAStats/Pods-FIFAStats-resources.sh\"\n";
			showEnvVarsInLog = 0;
		};
/* End PBXShellScriptBuildPhase section */

/* Begin PBXSourcesBuildPhase section */
		63EAD3831FBCDE8C00C3D4FC /* Sources */ = {
			isa = PBXSourcesBuildPhase;
			buildActionMask = 2147483647;
			files = (
				63DE4BBA1FCA69F9007F0EC2 /* LoginViewController.swift in Sources */,
				63DE4BBC1FCA6A15007F0EC2 /* SignupViewController.swift in Sources */,
				6366348D1FC6B67C00E149B3 /* User.swift in Sources */,
				63DE4BBE1FCA6A28007F0EC2 /* ResetPasswordViewController.swift in Sources */,
				63EAD38D1FBCDE8C00C3D4FC /* ViewController.swift in Sources */,
				6366348F1FC6B73A00E149B3 /* NewGameViewController.swift in Sources */,
				63EAD38B1FBCDE8C00C3D4FC /* AppDelegate.swift in Sources */,
				6366348A1FC6B2EF00E149B3 /* Match.swift in Sources */,
			);
			runOnlyForDeploymentPostprocessing = 0;
		};
		63EAD3971FBCDE8C00C3D4FC /* Sources */ = {
			isa = PBXSourcesBuildPhase;
			buildActionMask = 2147483647;
			files = (
				63EAD3A01FBCDE8C00C3D4FC /* FIFAStatsTests.swift in Sources */,
			);
			runOnlyForDeploymentPostprocessing = 0;
		};
		63EAD3A21FBCDE8C00C3D4FC /* Sources */ = {
			isa = PBXSourcesBuildPhase;
			buildActionMask = 2147483647;
			files = (
				63EAD3AB1FBCDE8C00C3D4FC /* FIFAStatsUITests.swift in Sources */,
			);
			runOnlyForDeploymentPostprocessing = 0;
		};
/* End PBXSourcesBuildPhase section */

/* Begin PBXTargetDependency section */
		63EAD39D1FBCDE8C00C3D4FC /* PBXTargetDependency */ = {
			isa = PBXTargetDependency;
			target = 63EAD3861FBCDE8C00C3D4FC /* FIFAStats */;
			targetProxy = 63EAD39C1FBCDE8C00C3D4FC /* PBXContainerItemProxy */;
		};
		63EAD3A81FBCDE8C00C3D4FC /* PBXTargetDependency */ = {
			isa = PBXTargetDependency;
			target = 63EAD3861FBCDE8C00C3D4FC /* FIFAStats */;
			targetProxy = 63EAD3A71FBCDE8C00C3D4FC /* PBXContainerItemProxy */;
		};
/* End PBXTargetDependency section */

/* Begin PBXVariantGroup section */
		63EAD38E1FBCDE8C00C3D4FC /* Main.storyboard */ = {
			isa = PBXVariantGroup;
			children = (
				63EAD38F1FBCDE8C00C3D4FC /* Base */,
			);
			name = Main.storyboard;
			sourceTree = "<group>";
		};
		63EAD3931FBCDE8C00C3D4FC /* LaunchScreen.storyboard */ = {
			isa = PBXVariantGroup;
			children = (
				63EAD3941FBCDE8C00C3D4FC /* Base */,
			);
			name = LaunchScreen.storyboard;
			sourceTree = "<group>";
		};
/* End PBXVariantGroup section */

/* Begin XCBuildConfiguration section */
		63EAD3AD1FBCDE8C00C3D4FC /* Debug */ = {
			isa = XCBuildConfiguration;
			buildSettings = {
				ALWAYS_SEARCH_USER_PATHS = NO;
				CLANG_ANALYZER_NONNULL = YES;
				CLANG_ANALYZER_NUMBER_OBJECT_CONVERSION = YES_AGGRESSIVE;
				CLANG_CXX_LANGUAGE_STANDARD = "gnu++0x";
				CLANG_CXX_LIBRARY = "libc++";
				CLANG_ENABLE_MODULES = YES;
				CLANG_ENABLE_OBJC_ARC = YES;
				CLANG_WARN_BOOL_CONVERSION = YES;
				CLANG_WARN_CONSTANT_CONVERSION = YES;
				CLANG_WARN_DIRECT_OBJC_ISA_USAGE = YES_ERROR;
				CLANG_WARN_DOCUMENTATION_COMMENTS = YES;
				CLANG_WARN_EMPTY_BODY = YES;
				CLANG_WARN_ENUM_CONVERSION = YES;
				CLANG_WARN_INFINITE_RECURSION = YES;
				CLANG_WARN_INT_CONVERSION = YES;
				CLANG_WARN_OBJC_ROOT_CLASS = YES_ERROR;
				CLANG_WARN_SUSPICIOUS_MOVE = YES;
				CLANG_WARN_UNREACHABLE_CODE = YES;
				CLANG_WARN__DUPLICATE_METHOD_MATCH = YES;
				"CODE_SIGN_IDENTITY[sdk=iphoneos*]" = "iPhone Developer";
				COPY_PHASE_STRIP = NO;
				DEBUG_INFORMATION_FORMAT = dwarf;
				ENABLE_STRICT_OBJC_MSGSEND = YES;
				ENABLE_TESTABILITY = YES;
				GCC_C_LANGUAGE_STANDARD = gnu99;
				GCC_DYNAMIC_NO_PIC = NO;
				GCC_NO_COMMON_BLOCKS = YES;
				GCC_OPTIMIZATION_LEVEL = 0;
				GCC_PREPROCESSOR_DEFINITIONS = (
					"DEBUG=1",
					"$(inherited)",
				);
				GCC_WARN_64_TO_32_BIT_CONVERSION = YES;
				GCC_WARN_ABOUT_RETURN_TYPE = YES_ERROR;
				GCC_WARN_UNDECLARED_SELECTOR = YES;
				GCC_WARN_UNINITIALIZED_AUTOS = YES_AGGRESSIVE;
				GCC_WARN_UNUSED_FUNCTION = YES;
				GCC_WARN_UNUSED_VARIABLE = YES;
				IPHONEOS_DEPLOYMENT_TARGET = 10.3;
				MTL_ENABLE_DEBUG_INFO = YES;
				ONLY_ACTIVE_ARCH = YES;
				SDKROOT = iphoneos;
				SWIFT_ACTIVE_COMPILATION_CONDITIONS = DEBUG;
				SWIFT_OPTIMIZATION_LEVEL = "-Onone";
				TARGETED_DEVICE_FAMILY = "1,2";
			};
			name = Debug;
		};
		63EAD3AE1FBCDE8C00C3D4FC /* Release */ = {
			isa = XCBuildConfiguration;
			buildSettings = {
				ALWAYS_SEARCH_USER_PATHS = NO;
				CLANG_ANALYZER_NONNULL = YES;
				CLANG_ANALYZER_NUMBER_OBJECT_CONVERSION = YES_AGGRESSIVE;
				CLANG_CXX_LANGUAGE_STANDARD = "gnu++0x";
				CLANG_CXX_LIBRARY = "libc++";
				CLANG_ENABLE_MODULES = YES;
				CLANG_ENABLE_OBJC_ARC = YES;
				CLANG_WARN_BOOL_CONVERSION = YES;
				CLANG_WARN_CONSTANT_CONVERSION = YES;
				CLANG_WARN_DIRECT_OBJC_ISA_USAGE = YES_ERROR;
				CLANG_WARN_DOCUMENTATION_COMMENTS = YES;
				CLANG_WARN_EMPTY_BODY = YES;
				CLANG_WARN_ENUM_CONVERSION = YES;
				CLANG_WARN_INFINITE_RECURSION = YES;
				CLANG_WARN_INT_CONVERSION = YES;
				CLANG_WARN_OBJC_ROOT_CLASS = YES_ERROR;
				CLANG_WARN_SUSPICIOUS_MOVE = YES;
				CLANG_WARN_UNREACHABLE_CODE = YES;
				CLANG_WARN__DUPLICATE_METHOD_MATCH = YES;
				"CODE_SIGN_IDENTITY[sdk=iphoneos*]" = "iPhone Developer";
				COPY_PHASE_STRIP = NO;
				DEBUG_INFORMATION_FORMAT = "dwarf-with-dsym";
				ENABLE_NS_ASSERTIONS = NO;
				ENABLE_STRICT_OBJC_MSGSEND = YES;
				GCC_C_LANGUAGE_STANDARD = gnu99;
				GCC_NO_COMMON_BLOCKS = YES;
				GCC_WARN_64_TO_32_BIT_CONVERSION = YES;
				GCC_WARN_ABOUT_RETURN_TYPE = YES_ERROR;
				GCC_WARN_UNDECLARED_SELECTOR = YES;
				GCC_WARN_UNINITIALIZED_AUTOS = YES_AGGRESSIVE;
				GCC_WARN_UNUSED_FUNCTION = YES;
				GCC_WARN_UNUSED_VARIABLE = YES;
				IPHONEOS_DEPLOYMENT_TARGET = 10.3;
				MTL_ENABLE_DEBUG_INFO = NO;
				SDKROOT = iphoneos;
				SWIFT_OPTIMIZATION_LEVEL = "-Owholemodule";
				TARGETED_DEVICE_FAMILY = "1,2";
				VALIDATE_PRODUCT = YES;
			};
			name = Release;
		};
		63EAD3B01FBCDE8C00C3D4FC /* Debug */ = {
			isa = XCBuildConfiguration;
			baseConfigurationReference = 531FA65A17D9B26237042207 /* Pods-FIFAStats.debug.xcconfig */;
			buildSettings = {
				ASSETCATALOG_COMPILER_APPICON_NAME = AppIcon;
				INFOPLIST_FILE = FIFAStats/Info.plist;
				LD_RUNPATH_SEARCH_PATHS = "$(inherited) @executable_path/Frameworks";
				PRODUCT_BUNDLE_IDENTIFIER = dmelvin.FIFAStats;
				PRODUCT_NAME = "$(TARGET_NAME)";
				SWIFT_VERSION = 3.0;
			};
			name = Debug;
		};
		63EAD3B11FBCDE8C00C3D4FC /* Release */ = {
			isa = XCBuildConfiguration;
			baseConfigurationReference = FFA62944E0670001B640BD71 /* Pods-FIFAStats.release.xcconfig */;
			buildSettings = {
				ASSETCATALOG_COMPILER_APPICON_NAME = AppIcon;
				INFOPLIST_FILE = FIFAStats/Info.plist;
				LD_RUNPATH_SEARCH_PATHS = "$(inherited) @executable_path/Frameworks";
				PRODUCT_BUNDLE_IDENTIFIER = dmelvin.FIFAStats;
				PRODUCT_NAME = "$(TARGET_NAME)";
				SWIFT_VERSION = 3.0;
			};
			name = Release;
		};
		63EAD3B31FBCDE8C00C3D4FC /* Debug */ = {
			isa = XCBuildConfiguration;
			baseConfigurationReference = A1D7EA7CE929BF3440375124 /* Pods-FIFAStatsTests.debug.xcconfig */;
			buildSettings = {
				ALWAYS_EMBED_SWIFT_STANDARD_LIBRARIES = YES;
				BUNDLE_LOADER = "$(TEST_HOST)";
				INFOPLIST_FILE = FIFAStatsTests/Info.plist;
				LD_RUNPATH_SEARCH_PATHS = "$(inherited) @executable_path/Frameworks @loader_path/Frameworks";
				PRODUCT_BUNDLE_IDENTIFIER = dmelvin.FIFAStatsTests;
				PRODUCT_NAME = "$(TARGET_NAME)";
				SWIFT_VERSION = 3.0;
				TEST_HOST = "$(BUILT_PRODUCTS_DIR)/FIFAStats.app/FIFAStats";
			};
			name = Debug;
		};
		63EAD3B41FBCDE8C00C3D4FC /* Release */ = {
			isa = XCBuildConfiguration;
			baseConfigurationReference = F57395122521F345A2698676 /* Pods-FIFAStatsTests.release.xcconfig */;
			buildSettings = {
				ALWAYS_EMBED_SWIFT_STANDARD_LIBRARIES = YES;
				BUNDLE_LOADER = "$(TEST_HOST)";
				INFOPLIST_FILE = FIFAStatsTests/Info.plist;
				LD_RUNPATH_SEARCH_PATHS = "$(inherited) @executable_path/Frameworks @loader_path/Frameworks";
				PRODUCT_BUNDLE_IDENTIFIER = dmelvin.FIFAStatsTests;
				PRODUCT_NAME = "$(TARGET_NAME)";
				SWIFT_VERSION = 3.0;
				TEST_HOST = "$(BUILT_PRODUCTS_DIR)/FIFAStats.app/FIFAStats";
			};
			name = Release;
		};
		63EAD3B61FBCDE8C00C3D4FC /* Debug */ = {
			isa = XCBuildConfiguration;
			baseConfigurationReference = E88E42CC238ABC59DD07E361 /* Pods-FIFAStatsUITests.debug.xcconfig */;
			buildSettings = {
				ALWAYS_EMBED_SWIFT_STANDARD_LIBRARIES = YES;
				INFOPLIST_FILE = FIFAStatsUITests/Info.plist;
				LD_RUNPATH_SEARCH_PATHS = "$(inherited) @executable_path/Frameworks @loader_path/Frameworks";
				PRODUCT_BUNDLE_IDENTIFIER = dmelvin.FIFAStatsUITests;
				PRODUCT_NAME = "$(TARGET_NAME)";
				SWIFT_VERSION = 3.0;
				TEST_TARGET_NAME = FIFAStats;
			};
			name = Debug;
		};
		63EAD3B71FBCDE8C00C3D4FC /* Release */ = {
			isa = XCBuildConfiguration;
			baseConfigurationReference = D17360BFCD0C5B322C26C082 /* Pods-FIFAStatsUITests.release.xcconfig */;
			buildSettings = {
				ALWAYS_EMBED_SWIFT_STANDARD_LIBRARIES = YES;
				INFOPLIST_FILE = FIFAStatsUITests/Info.plist;
				LD_RUNPATH_SEARCH_PATHS = "$(inherited) @executable_path/Frameworks @loader_path/Frameworks";
				PRODUCT_BUNDLE_IDENTIFIER = dmelvin.FIFAStatsUITests;
				PRODUCT_NAME = "$(TARGET_NAME)";
				SWIFT_VERSION = 3.0;
				TEST_TARGET_NAME = FIFAStats;
			};
			name = Release;
		};
/* End XCBuildConfiguration section */

/* Begin XCConfigurationList section */
		63EAD3821FBCDE8C00C3D4FC /* Build configuration list for PBXProject "FIFAStats" */ = {
			isa = XCConfigurationList;
			buildConfigurations = (
				63EAD3AD1FBCDE8C00C3D4FC /* Debug */,
				63EAD3AE1FBCDE8C00C3D4FC /* Release */,
			);
			defaultConfigurationIsVisible = 0;
			defaultConfigurationName = Release;
		};
		63EAD3AF1FBCDE8C00C3D4FC /* Build configuration list for PBXNativeTarget "FIFAStats" */ = {
			isa = XCConfigurationList;
			buildConfigurations = (
				63EAD3B01FBCDE8C00C3D4FC /* Debug */,
				63EAD3B11FBCDE8C00C3D4FC /* Release */,
			);
			defaultConfigurationIsVisible = 0;
			defaultConfigurationName = Release;
		};
		63EAD3B21FBCDE8C00C3D4FC /* Build configuration list for PBXNativeTarget "FIFAStatsTests" */ = {
			isa = XCConfigurationList;
			buildConfigurations = (
				63EAD3B31FBCDE8C00C3D4FC /* Debug */,
				63EAD3B41FBCDE8C00C3D4FC /* Release */,
			);
			defaultConfigurationIsVisible = 0;
			defaultConfigurationName = Release;
		};
		63EAD3B51FBCDE8C00C3D4FC /* Build configuration list for PBXNativeTarget "FIFAStatsUITests" */ = {
			isa = XCConfigurationList;
			buildConfigurations = (
				63EAD3B61FBCDE8C00C3D4FC /* Debug */,
				63EAD3B71FBCDE8C00C3D4FC /* Release */,
			);
			defaultConfigurationIsVisible = 0;
			defaultConfigurationName = Release;
		};
/* End XCConfigurationList section */
	};
	rootObject = 63EAD37F1FBCDE8C00C3D4FC /* Project object */;
}
